// !$*UTF8*$!
{
	archiveVersion = 1;
	classes = {
	};
	objectVersion = 46;
	objects = {

/* Begin PBXBuildFile section */
		97D5339C1C789EF900E9DA8E /* main.m in Sources */ = {isa = PBXBuildFile; fileRef = 97D5339B1C789EF900E9DA8E /* main.m */; };
		97D5339F1C789EF900E9DA8E /* AppDelegate.m in Sources */ = {isa = PBXBuildFile; fileRef = 97D5339E1C789EF900E9DA8E /* AppDelegate.m */; };
		97D533A21C789EF900E9DA8E /* ViewController.m in Sources */ = {isa = PBXBuildFile; fileRef = 97D533A11C789EF900E9DA8E /* ViewController.m */; };
		97D533A51C789EF900E9DA8E /* Main.storyboard in Resources */ = {isa = PBXBuildFile; fileRef = 97D533A31C789EF900E9DA8E /* Main.storyboard */; };
		97D533A71C789EF900E9DA8E /* Assets.xcassets in Resources */ = {isa = PBXBuildFile; fileRef = 97D533A61C789EF900E9DA8E /* Assets.xcassets */; };
		97D533AA1C789EF900E9DA8E /* LaunchScreen.storyboard in Resources */ = {isa = PBXBuildFile; fileRef = 97D533A81C789EF900E9DA8E /* LaunchScreen.storyboard */; };
		97D533B41C78A24C00E9DA8E /* sainsbury.jpg in Resources */ = {isa = PBXBuildFile; fileRef = 97D533B31C78A24C00E9DA8E /* sainsbury.jpg */; };
		97D533B61C78A36800E9DA8E /* CoreGraphics.framework in Frameworks */ = {isa = PBXBuildFile; fileRef = 97D533B51C78A36800E9DA8E /* CoreGraphics.framework */; };
		97D533B91C78C6B800E9DA8E /* SelectImageView.m in Sources */ = {isa = PBXBuildFile; fileRef = 97D533B81C78C6B800E9DA8E /* SelectImageView.m */; };
		97D533DB1C78F6EB00E9DA8E /* sainsbury_adj.jpg in Resources */ = {isa = PBXBuildFile; fileRef = 97D533DA1C78F6EB00E9DA8E /* sainsbury_adj.jpg */; };
		B757BDED1916F687E7EA2262 /* libPods-imagepartition.a in Frameworks */ = {isa = PBXBuildFile; fileRef = 5FCFCDBA2D96F8C0D9A00F25 /* libPods-imagepartition.a */; };
/* End PBXBuildFile section */

/* Begin PBXFileReference section */
		5FCFCDBA2D96F8C0D9A00F25 /* libPods-imagepartition.a */ = {isa = PBXFileReference; explicitFileType = archive.ar; includeInIndex = 0; path = "libPods-imagepartition.a"; sourceTree = BUILT_PRODUCTS_DIR; };
		97D533971C789EF900E9DA8E /* imagepartition.app */ = {isa = PBXFileReference; explicitFileType = wrapper.application; includeInIndex = 0; path = imagepartition.app; sourceTree = BUILT_PRODUCTS_DIR; };
		97D5339B1C789EF900E9DA8E /* main.m */ = {isa = PBXFileReference; lastKnownFileType = sourcecode.c.objc; path = main.m; sourceTree = "<group>"; };
		97D5339D1C789EF900E9DA8E /* AppDelegate.h */ = {isa = PBXFileReference; lastKnownFileType = sourcecode.c.h; path = AppDelegate.h; sourceTree = "<group>"; };
		97D5339E1C789EF900E9DA8E /* AppDelegate.m */ = {isa = PBXFileReference; lastKnownFileType = sourcecode.c.objc; path = AppDelegate.m; sourceTree = "<group>"; };
		97D533A01C789EF900E9DA8E /* ViewController.h */ = {isa = PBXFileReference; lastKnownFileType = sourcecode.c.h; path = ViewController.h; sourceTree = "<group>"; };
		97D533A11C789EF900E9DA8E /* ViewController.m */ = {isa = PBXFileReference; lastKnownFileType = sourcecode.c.objc; path = ViewController.m; sourceTree = "<group>"; };
		97D533A41C789EF900E9DA8E /* Base */ = {isa = PBXFileReference; lastKnownFileType = file.storyboard; name = Base; path = Base.lproj/Main.storyboard; sourceTree = "<group>"; };
		97D533A61C789EF900E9DA8E /* Assets.xcassets */ = {isa = PBXFileReference; lastKnownFileType = folder.assetcatalog; path = Assets.xcassets; sourceTree = "<group>"; };
		97D533A91C789EF900E9DA8E /* Base */ = {isa = PBXFileReference; lastKnownFileType = file.storyboard; name = Base; path = Base.lproj/LaunchScreen.storyboard; sourceTree = "<group>"; };
		97D533AB1C789EF900E9DA8E /* Info.plist */ = {isa = PBXFileReference; lastKnownFileType = text.plist.xml; path = Info.plist; sourceTree = "<group>"; };
		97D533B31C78A24C00E9DA8E /* sainsbury.jpg */ = {isa = PBXFileReference; lastKnownFileType = image.jpeg; name = sainsbury.jpg; path = ../../assets/sainsbury.jpg; sourceTree = "<group>"; };
		97D533B51C78A36800E9DA8E /* CoreGraphics.framework */ = {isa = PBXFileReference; lastKnownFileType = wrapper.framework; name = CoreGraphics.framework; path = System/Library/Frameworks/CoreGraphics.framework; sourceTree = SDKROOT; };
		97D533B71C78C6B800E9DA8E /* SelectImageView.h */ = {isa = PBXFileReference; fileEncoding = 4; lastKnownFileType = sourcecode.c.h; path = SelectImageView.h; sourceTree = "<group>"; };
		97D533B81C78C6B800E9DA8E /* SelectImageView.m */ = {isa = PBXFileReference; fileEncoding = 4; lastKnownFileType = sourcecode.c.objc; path = SelectImageView.m; sourceTree = "<group>"; };
		97D533DA1C78F6EB00E9DA8E /* sainsbury_adj.jpg */ = {isa = PBXFileReference; lastKnownFileType = image.jpeg; path = sainsbury_adj.jpg; sourceTree = "<group>"; };
		98528FDFA89BF57F33001974 /* Pods-imagepartition.debug.xcconfig */ = {isa = PBXFileReference; includeInIndex = 1; lastKnownFileType = text.xcconfig; name = "Pods-imagepartition.debug.xcconfig"; path = "Pods/Target Support Files/Pods-imagepartition/Pods-imagepartition.debug.xcconfig"; sourceTree = "<group>"; };
		FA2E1D52EB8A8DB393CCBE4E /* Pods-imagepartition.release.xcconfig */ = {isa = PBXFileReference; includeInIndex = 1; lastKnownFileType = text.xcconfig; name = "Pods-imagepartition.release.xcconfig"; path = "Pods/Target Support Files/Pods-imagepartition/Pods-imagepartition.release.xcconfig"; sourceTree = "<group>"; };
/* End PBXFileReference section */

/* Begin PBXFrameworksBuildPhase section */
		97D533941C789EF900E9DA8E /* Frameworks */ = {
			isa = PBXFrameworksBuildPhase;
			buildActionMask = 2147483647;
			files = (
				97D533B61C78A36800E9DA8E /* CoreGraphics.framework in Frameworks */,
				B757BDED1916F687E7EA2262 /* libPods-imagepartition.a in Frameworks */,
			);
			runOnlyForDeploymentPostprocessing = 0;
		};
/* End PBXFrameworksBuildPhase section */

/* Begin PBXGroup section */
		97D5338E1C789EF900E9DA8E = {
			isa = PBXGroup;
			children = (
				97D533B51C78A36800E9DA8E /* CoreGraphics.framework */,
				97D533991C789EF900E9DA8E /* imagepartition */,
				97D533981C789EF900E9DA8E /* Products */,
				ED46DB32CB040CC5B69B9EE6 /* Pods */,
				F8D36D7BB44D741D31189EF7 /* Frameworks */,
			);
			sourceTree = "<group>";
		};
		97D533981C789EF900E9DA8E /* Products */ = {
			isa = PBXGroup;
			children = (
				97D533971C789EF900E9DA8E /* imagepartition.app */,
			);
			name = Products;
			sourceTree = "<group>";
		};
		97D533991C789EF900E9DA8E /* imagepartition */ = {
			isa = PBXGroup;
			children = (
				97D5339D1C789EF900E9DA8E /* AppDelegate.h */,
				97D5339E1C789EF900E9DA8E /* AppDelegate.m */,
				97D533A01C789EF900E9DA8E /* ViewController.h */,
				97D533A11C789EF900E9DA8E /* ViewController.m */,
				97D533B71C78C6B800E9DA8E /* SelectImageView.h */,
				97D533B81C78C6B800E9DA8E /* SelectImageView.m */,
				97D533B31C78A24C00E9DA8E /* sainsbury.jpg */,
				97D533DA1C78F6EB00E9DA8E /* sainsbury_adj.jpg */,
				97D533A31C789EF900E9DA8E /* Main.storyboard */,
				97D533A61C789EF900E9DA8E /* Assets.xcassets */,
				97D533A81C789EF900E9DA8E /* LaunchScreen.storyboard */,
				97D533AB1C789EF900E9DA8E /* Info.plist */,
				97D5339A1C789EF900E9DA8E /* Supporting Files */,
			);
			path = imagepartition;
			sourceTree = "<group>";
		};
		97D5339A1C789EF900E9DA8E /* Supporting Files */ = {
			isa = PBXGroup;
			children = (
				97D5339B1C789EF900E9DA8E /* main.m */,
			);
			name = "Supporting Files";
			sourceTree = "<group>";
		};
		ED46DB32CB040CC5B69B9EE6 /* Pods */ = {
			isa = PBXGroup;
			children = (
				98528FDFA89BF57F33001974 /* Pods-imagepartition.debug.xcconfig */,
				FA2E1D52EB8A8DB393CCBE4E /* Pods-imagepartition.release.xcconfig */,
			);
			name = Pods;
			sourceTree = "<group>";
		};
		F8D36D7BB44D741D31189EF7 /* Frameworks */ = {
			isa = PBXGroup;
			children = (
				5FCFCDBA2D96F8C0D9A00F25 /* libPods-imagepartition.a */,
			);
			name = Frameworks;
			sourceTree = "<group>";
		};
/* End PBXGroup section */

/* Begin PBXNativeTarget section */
		97D533961C789EF900E9DA8E /* imagepartition */ = {
			isa = PBXNativeTarget;
			buildConfigurationList = 97D533AE1C789EF900E9DA8E /* Build configuration list for PBXNativeTarget "imagepartition" */;
			buildPhases = (
				E26FA5F01CC2D53FA83C6470 /* Check Pods Manifest.lock */,
				97D533931C789EF900E9DA8E /* Sources */,
				97D533941C789EF900E9DA8E /* Frameworks */,
				97D533951C789EF900E9DA8E /* Resources */,
				A06A20152CF5679A7B9166BE /* Embed Pods Frameworks */,
				6E17DD769ABBE5B10D75A51C /* Copy Pods Resources */,
			);
			buildRules = (
			);
			dependencies = (
			);
			name = imagepartition;
			productName = imagepartition;
			productReference = 97D533971C789EF900E9DA8E /* imagepartition.app */;
			productType = "com.apple.product-type.application";
		};
/* End PBXNativeTarget section */

/* Begin PBXProject section */
		97D5338F1C789EF900E9DA8E /* Project object */ = {
			isa = PBXProject;
			attributes = {
				LastUpgradeCheck = 0720;
				ORGANIZATIONNAME = "Jonathan King";
				TargetAttributes = {
					97D533961C789EF900E9DA8E = {
						CreatedOnToolsVersion = 7.2.1;
					};
				};
			};
			buildConfigurationList = 97D533921C789EF900E9DA8E /* Build configuration list for PBXProject "imagepartition" */;
			compatibilityVersion = "Xcode 3.2";
			developmentRegion = English;
			hasScannedForEncodings = 0;
			knownRegions = (
				en,
				Base,
			);
			mainGroup = 97D5338E1C789EF900E9DA8E;
			productRefGroup = 97D533981C789EF900E9DA8E /* Products */;
			projectDirPath = "";
			projectRoot = "";
			targets = (
				97D533961C789EF900E9DA8E /* imagepartition */,
			);
		};
/* End PBXProject section */

/* Begin PBXResourcesBuildPhase section */
		97D533951C789EF900E9DA8E /* Resources */ = {
			isa = PBXResourcesBuildPhase;
			buildActionMask = 2147483647;
			files = (
				97D533AA1C789EF900E9DA8E /* LaunchScreen.storyboard in Resources */,
				97D533A71C789EF900E9DA8E /* Assets.xcassets in Resources */,
				97D533B41C78A24C00E9DA8E /* sainsbury.jpg in Resources */,
				97D533A51C789EF900E9DA8E /* Main.storyboard in Resources */,
				97D533DB1C78F6EB00E9DA8E /* sainsbury_adj.jpg in Resources */,
			);
			runOnlyForDeploymentPostprocessing = 0;
		};
/* End PBXResourcesBuildPhase section */

/* Begin PBXShellScriptBuildPhase section */
		6E17DD769ABBE5B10D75A51C /* Copy Pods Resources */ = {
			isa = PBXShellScriptBuildPhase;
			buildActionMask = 2147483647;
			files = (
			);
			inputPaths = (
			);
			name = "Copy Pods Resources";
			outputPaths = (
			);
			runOnlyForDeploymentPostprocessing = 0;
			shellPath = /bin/sh;
			shellScript = "\"${SRCROOT}/Pods/Target Support Files/Pods-imagepartition/Pods-imagepartition-resources.sh\"\n";
			showEnvVarsInLog = 0;
		};
		A06A20152CF5679A7B9166BE /* Embed Pods Frameworks */ = {
			isa = PBXShellScriptBuildPhase;
			buildActionMask = 2147483647;
			files = (
			);
			inputPaths = (
			);
			name = "Embed Pods Frameworks";
			outputPaths = (
			);
			runOnlyForDeploymentPostprocessing = 0;
			shellPath = /bin/sh;
			shellScript = "\"${SRCROOT}/Pods/Target Support Files/Pods-imagepartition/Pods-imagepartition-frameworks.sh\"\n";
			showEnvVarsInLog = 0;
		};
		E26FA5F01CC2D53FA83C6470 /* Check Pods Manifest.lock */ = {
			isa = PBXShellScriptBuildPhase;
			buildActionMask = 2147483647;
			files = (
			);
			inputPaths = (
			);
			name = "Check Pods Manifest.lock";
			outputPaths = (
			);
			runOnlyForDeploymentPostprocessing = 0;
			shellPath = /bin/sh;
			shellScript = "diff \"${PODS_ROOT}/../Podfile.lock\" \"${PODS_ROOT}/Manifest.lock\" > /dev/null\nif [[ $? != 0 ]] ; then\n    cat << EOM\nerror: The sandbox is not in sync with the Podfile.lock. Run 'pod install' or update your CocoaPods installation.\nEOM\n    exit 1\nfi\n";
			showEnvVarsInLog = 0;
		};
/* End PBXShellScriptBuildPhase section */

/* Begin PBXSourcesBuildPhase section */
		97D533931C789EF900E9DA8E /* Sources */ = {
			isa = PBXSourcesBuildPhase;
			buildActionMask = 2147483647;
			files = (
				97D533A21C789EF900E9DA8E /* ViewController.m in Sources */,
				97D5339F1C789EF900E9DA8E /* AppDelegate.m in Sources */,
				97D533B91C78C6B800E9DA8E /* SelectImageView.m in Sources */,
				97D5339C1C789EF900E9DA8E /* main.m in Sources */,
			);
			runOnlyForDeploymentPostprocessing = 0;
		};
/* End PBXSourcesBuildPhase section */

/* Begin PBXVariantGroup section */
		97D533A31C789EF900E9DA8E /* Main.storyboard */ = {
			isa = PBXVariantGroup;
			children = (
				97D533A41C789EF900E9DA8E /* Base */,
			);
			name = Main.storyboard;
			sourceTree = "<group>";
		};
		97D533A81C789EF900E9DA8E /* LaunchScreen.storyboard */ = {
			isa = PBXVariantGroup;
			children = (
				97D533A91C789EF900E9DA8E /* Base */,
			);
			name = LaunchScreen.storyboard;
			sourceTree = "<group>";
		};
/* End PBXVariantGroup section */

/* Begin XCBuildConfiguration section */
		97D533AC1C789EF900E9DA8E /* Debug */ = {
			isa = XCBuildConfiguration;
			buildSettings = {
				ALWAYS_SEARCH_USER_PATHS = NO;
				CLANG_CXX_LANGUAGE_STANDARD = "gnu++0x";
				CLANG_CXX_LIBRARY = "libc++";
				CLANG_ENABLE_MODULES = YES;
				CLANG_ENABLE_OBJC_ARC = YES;
				CLANG_WARN_BOOL_CONVERSION = YES;
				CLANG_WARN_CONSTANT_CONVERSION = YES;
				CLANG_WARN_DIRECT_OBJC_ISA_USAGE = YES_ERROR;
				CLANG_WARN_EMPTY_BODY = YES;
				CLANG_WARN_ENUM_CONVERSION = YES;
				CLANG_WARN_INT_CONVERSION = YES;
				CLANG_WARN_OBJC_ROOT_CLASS = YES_ERROR;
				CLANG_WARN_UNREACHABLE_CODE = YES;
				CLANG_WARN__DUPLICATE_METHOD_MATCH = YES;
				"CODE_SIGN_IDENTITY[sdk=iphoneos*]" = "iPhone Developer";
				COPY_PHASE_STRIP = NO;
				DEBUG_INFORMATION_FORMAT = dwarf;
				ENABLE_STRICT_OBJC_MSGSEND = YES;
				ENABLE_TESTABILITY = YES;
				GCC_C_LANGUAGE_STANDARD = gnu99;
				GCC_DYNAMIC_NO_PIC = NO;
				GCC_NO_COMMON_BLOCKS = YES;
				GCC_OPTIMIZATION_LEVEL = 0;
				GCC_PREPROCESSOR_DEFINITIONS = (
					"DEBUG=1",
					"$(inherited)",
				);
				GCC_WARN_64_TO_32_BIT_CONVERSION = YES;
				GCC_WARN_ABOUT_RETURN_TYPE = YES_ERROR;
				GCC_WARN_UNDECLARED_SELECTOR = YES;
				GCC_WARN_UNINITIALIZED_AUTOS = YES_AGGRESSIVE;
				GCC_WARN_UNUSED_FUNCTION = YES;
				GCC_WARN_UNUSED_VARIABLE = YES;
				IPHONEOS_DEPLOYMENT_TARGET = 9.2;
				MTL_ENABLE_DEBUG_INFO = YES;
				ONLY_ACTIVE_ARCH = YES;
				SDKROOT = iphoneos;
			};
			name = Debug;
		};
		97D533AD1C789EF900E9DA8E /* Release */ = {
			isa = XCBuildConfiguration;
			buildSettings = {
				ALWAYS_SEARCH_USER_PATHS = NO;
				CLANG_CXX_LANGUAGE_STANDARD = "gnu++0x";
				CLANG_CXX_LIBRARY = "libc++";
				CLANG_ENABLE_MODULES = YES;
				CLANG_ENABLE_OBJC_ARC = YES;
				CLANG_WARN_BOOL_CONVERSION = YES;
				CLANG_WARN_CONSTANT_CONVERSION = YES;
				CLANG_WARN_DIRECT_OBJC_ISA_USAGE = YES_ERROR;
				CLANG_WARN_EMPTY_BODY = YES;
				CLANG_WARN_ENUM_CONVERSION = YES;
				CLANG_WARN_INT_CONVERSION = YES;
				CLANG_WARN_OBJC_ROOT_CLASS = YES_ERROR;
				CLANG_WARN_UNREACHABLE_CODE = YES;
				CLANG_WARN__DUPLICATE_METHOD_MATCH = YES;
				"CODE_SIGN_IDENTITY[sdk=iphoneos*]" = "iPhone Developer";
				COPY_PHASE_STRIP = NO;
				DEBUG_INFORMATION_FORMAT = "dwarf-with-dsym";
				ENABLE_NS_ASSERTIONS = NO;
				ENABLE_STRICT_OBJC_MSGSEND = YES;
				GCC_C_LANGUAGE_STANDARD = gnu99;
				GCC_NO_COMMON_BLOCKS = YES;
				GCC_WARN_64_TO_32_BIT_CONVERSION = YES;
				GCC_WARN_ABOUT_RETURN_TYPE = YES_ERROR;
				GCC_WARN_UNDECLARED_SELECTOR = YES;
				GCC_WARN_UNINITIALIZED_AUTOS = YES_AGGRESSIVE;
				GCC_WARN_UNUSED_FUNCTION = YES;
				GCC_WARN_UNUSED_VARIABLE = YES;
				IPHONEOS_DEPLOYMENT_TARGET = 9.2;
				MTL_ENABLE_DEBUG_INFO = NO;
				SDKROOT = iphoneos;
				VALIDATE_PRODUCT = YES;
			};
			name = Release;
		};
		97D533AF1C789EF900E9DA8E /* Debug */ = {
			isa = XCBuildConfiguration;
			baseConfigurationReference = 98528FDFA89BF57F33001974 /* Pods-imagepartition.debug.xcconfig */;
			buildSettings = {
				ASSETCATALOG_COMPILER_APPICON_NAME = AppIcon;
				ENABLE_BITCODE = NO;
				INFOPLIST_FILE = imagepartition/Info.plist;
				LD_RUNPATH_SEARCH_PATHS = "$(inherited) @executable_path/Frameworks";
				PRODUCT_BUNDLE_IDENTIFIER = "stealth-phoenix.quick-split";
				PRODUCT_NAME = "$(TARGET_NAME)";
			};
			name = Debug;
		};
		97D533B01C789EF900E9DA8E /* Release */ = {
			isa = XCBuildConfiguration;
			baseConfigurationReference = FA2E1D52EB8A8DB393CCBE4E /* Pods-imagepartition.release.xcconfig */;
			buildSettings = {
				ASSETCATALOG_COMPILER_APPICON_NAME = AppIcon;
				ENABLE_BITCODE = NO;
				INFOPLIST_FILE = imagepartition/Info.plist;
				LD_RUNPATH_SEARCH_PATHS = "$(inherited) @executable_path/Frameworks";
				PRODUCT_BUNDLE_IDENTIFIER = "stealth-phoenix.quick-split";
				PRODUCT_NAME = "$(TARGET_NAME)";
			};
			name = Release;
		};
/* End XCBuildConfiguration section */

/* Begin XCConfigurationList section */
		97D533921C789EF900E9DA8E /* Build configuration list for PBXProject "imagepartition" */ = {
			isa = XCConfigurationList;
			buildConfigurations = (
				97D533AC1C789EF900E9DA8E /* Debug */,
				97D533AD1C789EF900E9DA8E /* Release */,
			);
			defaultConfigurationIsVisible = 0;
			defaultConfigurationName = Release;
		};
		97D533AE1C789EF900E9DA8E /* Build configuration list for PBXNativeTarget "imagepartition" */ = {
			isa = XCConfigurationList;
			buildConfigurations = (
				97D533AF1C789EF900E9DA8E /* Debug */,
				97D533B01C789EF900E9DA8E /* Release */,
			);
			defaultConfigurationIsVisible = 0;
			defaultConfigurationName = Release;
		};
/* End XCConfigurationList section */
	};
	rootObject = 97D5338F1C789EF900E9DA8E /* Project object */;
}
